
Microsoft Visual Studio Solution File, Format Version 12.00
# Visual Studio Version 17
VisualStudioVersion = 17.11.35222.181
MinimumVisualStudioVersion = 10.0.40219.1
Project("{FAE04EC0-301F-11D3-BF4B-00C04F79EFBC}") = "HelloWorldWebApi", "HelloWorldWebApi.csproj", "{75EAB045-6041-457C-97C0-B0EEC3FD4A2C}"
EndProject
Global
	GlobalSection(SolutionConfigurationPlatforms) = preSolution
		Debug|Any CPU = Debug|Any CPU
		Release|Any CPU = Release|Any CPU
	EndGlobalSection
	GlobalSection(ProjectConfigurationPlatforms) = postSolution
		{75EAB045-6041-457C-97C0-B0EEC3FD4A2C}.Debug|Any CPU.ActiveCfg = Debug|Any CPU
		{75EAB045-6041-457C-97C0-B0EEC3FD4A2C}.Debug|Any CPU.Build.0 = Debug|Any CPU
		{75EAB045-6041-457C-97C0-B0EEC3FD4A2C}.Release|Any CPU.ActiveCfg = Release|Any CPU
		{75EAB045-6041-457C-97C0-B0EEC3FD4A2C}.Release|Any CPU.Build.0 = Release|Any CPU
	EndGlobalSection
	GlobalSection(SolutionProperties) = preSolution
		HideSolutionNode = FALSE
	EndGlobalSection
	GlobalSection(ExtensibilityGlobals) = postSolution
		SolutionGuid = {327592BA-14CF-4CB9-9DB5-D112F69D82B9}
	EndGlobalSection
EndGlobal
